
Microsoft Visual Studio Solution File, Format Version 12.00
# Visual Studio Version 17
VisualStudioVersion = 17.9.34701.34
MinimumVisualStudioVersion = 10.0.40219.1
Project("{9A19103F-16F7-4668-BE54-9A1E7A4F7556}") = "EmployerQuestion", "EmployerQuestion\EmployerQuestion.csproj", "{C994A508-2685-4E66-B002-DF113A7F513D}"
EndProject
Project("{FAE04EC0-301F-11D3-BF4B-00C04F79EFBC}") = "ServiceModel", "ServiceModel\ServiceModel.csproj", "{66916049-6044-46E4-833A-966FD400232E}"
EndProject
Project("{FAE04EC0-301F-11D3-BF4B-00C04F79EFBC}") = "Application", "Application\Application.csproj", "{79CA39B3-77E2-41BC-A816-D5C865C03876}"
EndProject
Global
	GlobalSection(SolutionConfigurationPlatforms) = preSolution
		Debug|Any CPU = Debug|Any CPU
		Release|Any CPU = Release|Any CPU
	EndGlobalSection
	GlobalSection(ProjectConfigurationPlatforms) = postSolution
		{C994A508-2685-4E66-B002-DF113A7F513D}.Debug|Any CPU.ActiveCfg = Debug|Any CPU
		{C994A508-2685-4E66-B002-DF113A7F513D}.Debug|Any CPU.Build.0 = Debug|Any CPU
		{C994A508-2685-4E66-B002-DF113A7F513D}.Release|Any CPU.ActiveCfg = Release|Any CPU
		{C994A508-2685-4E66-B002-DF113A7F513D}.Release|Any CPU.Build.0 = Release|Any CPU
		{66916049-6044-46E4-833A-966FD400232E}.Debug|Any CPU.ActiveCfg = Debug|Any CPU
		{66916049-6044-46E4-833A-966FD400232E}.Debug|Any CPU.Build.0 = Debug|Any CPU
		{66916049-6044-46E4-833A-966FD400232E}.Release|Any CPU.ActiveCfg = Release|Any CPU
		{66916049-6044-46E4-833A-966FD400232E}.Release|Any CPU.Build.0 = Release|Any CPU
		{79CA39B3-77E2-41BC-A816-D5C865C03876}.Debug|Any CPU.ActiveCfg = Debug|Any CPU
		{79CA39B3-77E2-41BC-A816-D5C865C03876}.Debug|Any CPU.Build.0 = Debug|Any CPU
		{79CA39B3-77E2-41BC-A816-D5C865C03876}.Release|Any CPU.ActiveCfg = Release|Any CPU
		{79CA39B3-77E2-41BC-A816-D5C865C03876}.Release|Any CPU.Build.0 = Release|Any CPU
	EndGlobalSection
	GlobalSection(SolutionProperties) = preSolution
		HideSolutionNode = FALSE
	EndGlobalSection
	GlobalSection(ExtensibilityGlobals) = postSolution
		SolutionGuid = {DFB4C7C6-FF3C-466B-8702-00AEAE6A555B}
	EndGlobalSection
EndGlobal
